// !$*UTF8*$!
{
	archiveVersion = 1;
	classes = {
	};
	objectVersion = 50;
	objects = {

/* Begin PBXBuildFile section */
		7B1BF6F32281700300C66DC0 /* AppDelegate.swift in Sources */ = {isa = PBXBuildFile; fileRef = 7B1BF6F22281700300C66DC0 /* AppDelegate.swift */; };
		7B1BF6F52281700300C66DC0 /* DigitalVC.swift in Sources */ = {isa = PBXBuildFile; fileRef = 7B1BF6F42281700300C66DC0 /* DigitalVC.swift */; };
		7B1BF6F82281700300C66DC0 /* Main.storyboard in Resources */ = {isa = PBXBuildFile; fileRef = 7B1BF6F62281700300C66DC0 /* Main.storyboard */; };
		7B1BF6FA2281700400C66DC0 /* Assets.xcassets in Resources */ = {isa = PBXBuildFile; fileRef = 7B1BF6F92281700400C66DC0 /* Assets.xcassets */; };
		7B1BF6FD2281700400C66DC0 /* LaunchScreen.storyboard in Resources */ = {isa = PBXBuildFile; fileRef = 7B1BF6FB2281700400C66DC0 /* LaunchScreen.storyboard */; };
		7B1BF7052281703300C66DC0 /* ChatRoom.swift in Sources */ = {isa = PBXBuildFile; fileRef = 7B1BF7042281703300C66DC0 /* ChatRoom.swift */; };
		7B591DB622A3C7EE00F4C437 /* Settings.bundle in Resources */ = {isa = PBXBuildFile; fileRef = 7B591DB522A3C7EE00F4C437 /* Settings.bundle */; };
		7B591DB822A40F6D00F4C437 /* GameVC.swift in Sources */ = {isa = PBXBuildFile; fileRef = 7B591DB722A40F6D00F4C437 /* GameVC.swift */; };
		7B7595D422A5A78C00E24A91 /* ColorService.swift in Sources */ = {isa = PBXBuildFile; fileRef = 7B7595D322A5A78C00E24A91 /* ColorService.swift */; };
		7B7595D622A65D8F00E24A91 /* ColorSearch.swift in Sources */ = {isa = PBXBuildFile; fileRef = 7B7595D522A65D8F00E24A91 /* ColorSearch.swift */; };
		7B7C42BE2296DABB005026C7 /* MotionVC.swift in Sources */ = {isa = PBXBuildFile; fileRef = 7B7C42BD2296DABB005026C7 /* MotionVC.swift */; };
		7B91763C229535A200F9F9B3 /* AnalogVC.swift in Sources */ = {isa = PBXBuildFile; fileRef = 7B91763B229535A200F9F9B3 /* AnalogVC.swift */; };
		7BDF53EB228B2CE4009ED117 /* SplashController.swift in Sources */ = {isa = PBXBuildFile; fileRef = 7BDF53EA228B2CE4009ED117 /* SplashController.swift */; };
		7BDF53EF228B2D8C009ED117 /* Shared.swift in Sources */ = {isa = PBXBuildFile; fileRef = 7BDF53EE228B2D8C009ED117 /* Shared.swift */; };
/* End PBXBuildFile section */

/* Begin PBXFileReference section */
		7B1BF6EF2281700300C66DC0 /* remoteCode.app */ = {isa = PBXFileReference; explicitFileType = wrapper.application; includeInIndex = 0; path = remoteCode.app; sourceTree = BUILT_PRODUCTS_DIR; };
		7B1BF6F22281700300C66DC0 /* AppDelegate.swift */ = {isa = PBXFileReference; lastKnownFileType = sourcecode.swift; path = AppDelegate.swift; sourceTree = "<group>"; };
		7B1BF6F42281700300C66DC0 /* DigitalVC.swift */ = {isa = PBXFileReference; lastKnownFileType = sourcecode.swift; path = DigitalVC.swift; sourceTree = "<group>"; };
		7B1BF6F72281700300C66DC0 /* Base */ = {isa = PBXFileReference; lastKnownFileType = file.storyboard; name = Base; path = Base.lproj/Main.storyboard; sourceTree = "<group>"; };
		7B1BF6F92281700400C66DC0 /* Assets.xcassets */ = {isa = PBXFileReference; lastKnownFileType = folder.assetcatalog; path = Assets.xcassets; sourceTree = "<group>"; };
		7B1BF6FC2281700400C66DC0 /* Base */ = {isa = PBXFileReference; lastKnownFileType = file.storyboard; name = Base; path = Base.lproj/LaunchScreen.storyboard; sourceTree = "<group>"; };
		7B1BF6FE2281700400C66DC0 /* Info.plist */ = {isa = PBXFileReference; lastKnownFileType = text.plist.xml; path = Info.plist; sourceTree = "<group>"; };
		7B1BF7042281703300C66DC0 /* ChatRoom.swift */ = {isa = PBXFileReference; lastKnownFileType = sourcecode.swift; path = ChatRoom.swift; sourceTree = "<group>"; };
		7B591DB522A3C7EE00F4C437 /* Settings.bundle */ = {isa = PBXFileReference; lastKnownFileType = "wrapper.plug-in"; path = Settings.bundle; sourceTree = "<group>"; };
		7B591DB722A40F6D00F4C437 /* GameVC.swift */ = {isa = PBXFileReference; lastKnownFileType = sourcecode.swift; path = GameVC.swift; sourceTree = "<group>"; };
		7B7595D322A5A78C00E24A91 /* ColorService.swift */ = {isa = PBXFileReference; lastKnownFileType = sourcecode.swift; path = ColorService.swift; sourceTree = "<group>"; };
		7B7595D522A65D8F00E24A91 /* ColorSearch.swift */ = {isa = PBXFileReference; lastKnownFileType = sourcecode.swift; path = ColorSearch.swift; sourceTree = "<group>"; };
		7B7C42BD2296DABB005026C7 /* MotionVC.swift */ = {isa = PBXFileReference; lastKnownFileType = sourcecode.swift; path = MotionVC.swift; sourceTree = "<group>"; };
		7B91763B229535A200F9F9B3 /* AnalogVC.swift */ = {isa = PBXFileReference; lastKnownFileType = sourcecode.swift; path = AnalogVC.swift; sourceTree = "<group>"; };
		7BDF53EA228B2CE4009ED117 /* SplashController.swift */ = {isa = PBXFileReference; lastKnownFileType = sourcecode.swift; path = SplashController.swift; sourceTree = "<group>"; };
		7BDF53EE228B2D8C009ED117 /* Shared.swift */ = {isa = PBXFileReference; lastKnownFileType = sourcecode.swift; path = Shared.swift; sourceTree = "<group>"; };
/* End PBXFileReference section */

/* Begin PBXFrameworksBuildPhase section */
		7B1BF6EC2281700300C66DC0 /* Frameworks */ = {
			isa = PBXFrameworksBuildPhase;
			buildActionMask = 2147483647;
			files = (
			);
			runOnlyForDeploymentPostprocessing = 0;
		};
/* End PBXFrameworksBuildPhase section */

/* Begin PBXGroup section */
		7B1BF6E62281700300C66DC0 = {
			isa = PBXGroup;
			children = (
				7B1BF6F12281700300C66DC0 /* remoteCode */,
				7B1BF6F02281700300C66DC0 /* Products */,
			);
			sourceTree = "<group>";
		};
		7B1BF6F02281700300C66DC0 /* Products */ = {
			isa = PBXGroup;
			children = (
				7B1BF6EF2281700300C66DC0 /* remoteCode.app */,
			);
			name = Products;
			sourceTree = "<group>";
		};
		7B1BF6F12281700300C66DC0 /* remoteCode */ = {
			isa = PBXGroup;
			children = (
				7BDF53EE228B2D8C009ED117 /* Shared.swift */,
				7B1BF6F22281700300C66DC0 /* AppDelegate.swift */,
				7B1BF6F42281700300C66DC0 /* DigitalVC.swift */,
				7B91763B229535A200F9F9B3 /* AnalogVC.swift */,
				7B7C42BD2296DABB005026C7 /* MotionVC.swift */,
				7B1BF7042281703300C66DC0 /* ChatRoom.swift */,
				7B1BF6F62281700300C66DC0 /* Main.storyboard */,
				7B7595D322A5A78C00E24A91 /* ColorService.swift */,
				7B7595D522A65D8F00E24A91 /* ColorSearch.swift */,
				7B591DB722A40F6D00F4C437 /* GameVC.swift */,
				7BDF53EA228B2CE4009ED117 /* SplashController.swift */,
				7B1BF6F92281700400C66DC0 /* Assets.xcassets */,
				7B1BF6FB2281700400C66DC0 /* LaunchScreen.storyboard */,
				7B591DB522A3C7EE00F4C437 /* Settings.bundle */,
				7B1BF6FE2281700400C66DC0 /* Info.plist */,
			);
			path = remoteCode;
			sourceTree = "<group>";
		};
/* End PBXGroup section */

/* Begin PBXNativeTarget section */
		7B1BF6EE2281700300C66DC0 /* remoteCode */ = {
			isa = PBXNativeTarget;
			buildConfigurationList = 7B1BF7012281700400C66DC0 /* Build configuration list for PBXNativeTarget "remoteCode" */;
			buildPhases = (
				7B1BF6EB2281700300C66DC0 /* Sources */,
				7B1BF6EC2281700300C66DC0 /* Frameworks */,
				7B1BF6ED2281700300C66DC0 /* Resources */,
			);
			buildRules = (
			);
			dependencies = (
			);
			name = remoteCode;
			productName = legoSocket;
			productReference = 7B1BF6EF2281700300C66DC0 /* remoteCode.app */;
			productType = "com.apple.product-type.application";
		};
/* End PBXNativeTarget section */

/* Begin PBXProject section */
		7B1BF6E72281700300C66DC0 /* Project object */ = {
			isa = PBXProject;
			attributes = {
				LastSwiftUpdateCheck = 1020;
				LastUpgradeCheck = 1020;
				ORGANIZATIONNAME = ch.cqd.remoteCode;
				TargetAttributes = {
					7B1BF6EE2281700300C66DC0 = {
						CreatedOnToolsVersion = 10.2.1;
					};
				};
			};
			buildConfigurationList = 7B1BF6EA2281700300C66DC0 /* Build configuration list for PBXProject "remoteCode" */;
			compatibilityVersion = "Xcode 9.3";
			developmentRegion = en;
			hasScannedForEncodings = 0;
			knownRegions = (
				en,
				Base,
			);
			mainGroup = 7B1BF6E62281700300C66DC0;
			productRefGroup = 7B1BF6F02281700300C66DC0 /* Products */;
			projectDirPath = "";
			projectRoot = "";
			targets = (
				7B1BF6EE2281700300C66DC0 /* remoteCode */,
			);
		};
/* End PBXProject section */

/* Begin PBXResourcesBuildPhase section */
		7B1BF6ED2281700300C66DC0 /* Resources */ = {
			isa = PBXResourcesBuildPhase;
			buildActionMask = 2147483647;
			files = (
				7B591DB622A3C7EE00F4C437 /* Settings.bundle in Resources */,
				7B1BF6FD2281700400C66DC0 /* LaunchScreen.storyboard in Resources */,
				7B1BF6FA2281700400C66DC0 /* Assets.xcassets in Resources */,
				7B1BF6F82281700300C66DC0 /* Main.storyboard in Resources */,
			);
			runOnlyForDeploymentPostprocessing = 0;
		};
/* End PBXResourcesBuildPhase section */

/* Begin PBXSourcesBuildPhase section */
		7B1BF6EB2281700300C66DC0 /* Sources */ = {
			isa = PBXSourcesBuildPhase;
			buildActionMask = 2147483647;
			files = (
				7B91763C229535A200F9F9B3 /* AnalogVC.swift in Sources */,
				7BDF53EF228B2D8C009ED117 /* Shared.swift in Sources */,
				7B591DB822A40F6D00F4C437 /* GameVC.swift in Sources */,
				7B7595D422A5A78C00E24A91 /* ColorService.swift in Sources */,
				7BDF53EB228B2CE4009ED117 /* SplashController.swift in Sources */,
				7B7C42BE2296DABB005026C7 /* MotionVC.swift in Sources */,
				7B1BF7052281703300C66DC0 /* ChatRoom.swift in Sources */,
				7B7595D622A65D8F00E24A91 /* ColorSearch.swift in Sources */,
				7B1BF6F52281700300C66DC0 /* DigitalVC.swift in Sources */,
				7B1BF6F32281700300C66DC0 /* AppDelegate.swift in Sources */,
			);
			runOnlyForDeploymentPostprocessing = 0;
		};
/* End PBXSourcesBuildPhase section */

/* Begin PBXVariantGroup section */
		7B1BF6F62281700300C66DC0 /* Main.storyboard */ = {
			isa = PBXVariantGroup;
			children = (
				7B1BF6F72281700300C66DC0 /* Base */,
			);
			name = Main.storyboard;
			sourceTree = "<group>";
		};
		7B1BF6FB2281700400C66DC0 /* LaunchScreen.storyboard */ = {
			isa = PBXVariantGroup;
			children = (
				7B1BF6FC2281700400C66DC0 /* Base */,
			);
			name = LaunchScreen.storyboard;
			sourceTree = "<group>";
		};
/* End PBXVariantGroup section */

/* Begin XCBuildConfiguration section */
		7B1BF6FF2281700400C66DC0 /* Debug */ = {
			isa = XCBuildConfiguration;
			buildSettings = {
				ALWAYS_SEARCH_USER_PATHS = NO;
				CLANG_ANALYZER_NONNULL = YES;
				CLANG_ANALYZER_NUMBER_OBJECT_CONVERSION = YES_AGGRESSIVE;
				CLANG_CXX_LANGUAGE_STANDARD = "gnu++14";
				CLANG_CXX_LIBRARY = "libc++";
				CLANG_ENABLE_MODULES = YES;
				CLANG_ENABLE_OBJC_ARC = YES;
				CLANG_ENABLE_OBJC_WEAK = YES;
				CLANG_WARN_BLOCK_CAPTURE_AUTORELEASING = YES;
				CLANG_WARN_BOOL_CONVERSION = YES;
				CLANG_WARN_COMMA = YES;
				CLANG_WARN_CONSTANT_CONVERSION = YES;
				CLANG_WARN_DEPRECATED_OBJC_IMPLEMENTATIONS = YES;
				CLANG_WARN_DIRECT_OBJC_ISA_USAGE = YES_ERROR;
				CLANG_WARN_DOCUMENTATION_COMMENTS = YES;
				CLANG_WARN_EMPTY_BODY = YES;
				CLANG_WARN_ENUM_CONVERSION = YES;
				CLANG_WARN_INFINITE_RECURSION = YES;
				CLANG_WARN_INT_CONVERSION = YES;
				CLANG_WARN_NON_LITERAL_NULL_CONVERSION = YES;
				CLANG_WARN_OBJC_IMPLICIT_RETAIN_SELF = YES;
				CLANG_WARN_OBJC_LITERAL_CONVERSION = YES;
				CLANG_WARN_OBJC_ROOT_CLASS = YES_ERROR;
				CLANG_WARN_RANGE_LOOP_ANALYSIS = YES;
				CLANG_WARN_STRICT_PROTOTYPES = YES;
				CLANG_WARN_SUSPICIOUS_MOVE = YES;
				CLANG_WARN_UNGUARDED_AVAILABILITY = YES_AGGRESSIVE;
				CLANG_WARN_UNREACHABLE_CODE = YES;
				CLANG_WARN__DUPLICATE_METHOD_MATCH = YES;
				CODE_SIGN_IDENTITY = "iPhone Developer";
				COPY_PHASE_STRIP = NO;
				DEBUG_INFORMATION_FORMAT = dwarf;
				ENABLE_STRICT_OBJC_MSGSEND = YES;
				ENABLE_TESTABILITY = YES;
				GCC_C_LANGUAGE_STANDARD = gnu11;
				GCC_DYNAMIC_NO_PIC = NO;
				GCC_NO_COMMON_BLOCKS = YES;
				GCC_OPTIMIZATION_LEVEL = 0;
				GCC_PREPROCESSOR_DEFINITIONS = (
					"DEBUG=1",
					"$(inherited)",
				);
				GCC_WARN_64_TO_32_BIT_CONVERSION = YES;
				GCC_WARN_ABOUT_RETURN_TYPE = YES_ERROR;
				GCC_WARN_UNDECLARED_SELECTOR = YES;
				GCC_WARN_UNINITIALIZED_AUTOS = YES_AGGRESSIVE;
				GCC_WARN_UNUSED_FUNCTION = YES;
				GCC_WARN_UNUSED_VARIABLE = YES;
				IPHONEOS_DEPLOYMENT_TARGET = 12.2;
				MTL_ENABLE_DEBUG_INFO = INCLUDE_SOURCE;
				MTL_FAST_MATH = YES;
				ONLY_ACTIVE_ARCH = YES;
				SDKROOT = iphoneos;
				SWIFT_ACTIVE_COMPILATION_CONDITIONS = DEBUG;
				SWIFT_OPTIMIZATION_LEVEL = "-Onone";
			};
			name = Debug;
		};
		7B1BF7002281700400C66DC0 /* Release */ = {
			isa = XCBuildConfiguration;
			buildSettings = {
				ALWAYS_SEARCH_USER_PATHS = NO;
				CLANG_ANALYZER_NONNULL = YES;
				CLANG_ANALYZER_NUMBER_OBJECT_CONVERSION = YES_AGGRESSIVE;
				CLANG_CXX_LANGUAGE_STANDARD = "gnu++14";
				CLANG_CXX_LIBRARY = "libc++";
				CLANG_ENABLE_MODULES = YES;
				CLANG_ENABLE_OBJC_ARC = YES;
				CLANG_ENABLE_OBJC_WEAK = YES;
				CLANG_WARN_BLOCK_CAPTURE_AUTORELEASING = YES;
				CLANG_WARN_BOOL_CONVERSION = YES;
				CLANG_WARN_COMMA = YES;
				CLANG_WARN_CONSTANT_CONVERSION = YES;
				CLANG_WARN_DEPRECATED_OBJC_IMPLEMENTATIONS = YES;
				CLANG_WARN_DIRECT_OBJC_ISA_USAGE = YES_ERROR;
				CLANG_WARN_DOCUMENTATION_COMMENTS = YES;
				CLANG_WARN_EMPTY_BODY = YES;
				CLANG_WARN_ENUM_CONVERSION = YES;
				CLANG_WARN_INFINITE_RECURSION = YES;
				CLANG_WARN_INT_CONVERSION = YES;
				CLANG_WARN_NON_LITERAL_NULL_CONVERSION = YES;
				CLANG_WARN_OBJC_IMPLICIT_RETAIN_SELF = YES;
				CLANG_WARN_OBJC_LITERAL_CONVERSION = YES;
				CLANG_WARN_OBJC_ROOT_CLASS = YES_ERROR;
				CLANG_WARN_RANGE_LOOP_ANALYSIS = YES;
				CLANG_WARN_STRICT_PROTOTYPES = YES;
				CLANG_WARN_SUSPICIOUS_MOVE = YES;
				CLANG_WARN_UNGUARDED_AVAILABILITY = YES_AGGRESSIVE;
				CLANG_WARN_UNREACHABLE_CODE = YES;
				CLANG_WARN__DUPLICATE_METHOD_MATCH = YES;
				CODE_SIGN_IDENTITY = "iPhone Developer";
				COPY_PHASE_STRIP = NO;
				DEBUG_INFORMATION_FORMAT = "dwarf-with-dsym";
				ENABLE_NS_ASSERTIONS = NO;
				ENABLE_STRICT_OBJC_MSGSEND = YES;
				GCC_C_LANGUAGE_STANDARD = gnu11;
				GCC_NO_COMMON_BLOCKS = YES;
				GCC_WARN_64_TO_32_BIT_CONVERSION = YES;
				GCC_WARN_ABOUT_RETURN_TYPE = YES_ERROR;
				GCC_WARN_UNDECLARED_SELECTOR = YES;
				GCC_WARN_UNINITIALIZED_AUTOS = YES_AGGRESSIVE;
				GCC_WARN_UNUSED_FUNCTION = YES;
				GCC_WARN_UNUSED_VARIABLE = YES;
				IPHONEOS_DEPLOYMENT_TARGET = 12.2;
				MTL_ENABLE_DEBUG_INFO = NO;
				MTL_FAST_MATH = YES;
				SDKROOT = iphoneos;
				SWIFT_COMPILATION_MODE = wholemodule;
				SWIFT_OPTIMIZATION_LEVEL = "-O";
				VALIDATE_PRODUCT = YES;
			};
			name = Release;
		};
		7B1BF7022281700400C66DC0 /* Debug */ = {
			isa = XCBuildConfiguration;
			buildSettings = {
				ASSETCATALOG_COMPILER_APPICON_NAME = AppIcon;
				CODE_SIGN_STYLE = Automatic;
				DEVELOPMENT_TEAM = CWGS87U262;
				INFOPLIST_FILE = remoteCode/Info.plist;
				IPHONEOS_DEPLOYMENT_TARGET = 11.4;
				LD_RUNPATH_SEARCH_PATHS = (
					"$(inherited)",
					"@executable_path/Frameworks",
				);
				PRODUCT_BUNDLE_IDENTIFIER = ch.cqd.remoteCode;
				PRODUCT_NAME = "$(TARGET_NAME)";
				SWIFT_VERSION = 5.0;
				TARGETED_DEVICE_FAMILY = "1,2";
			};
			name = Debug;
		};
		7B1BF7032281700400C66DC0 /* Release */ = {
			isa = XCBuildConfiguration;
			buildSettings = {
				ASSETCATALOG_COMPILER_APPICON_NAME = AppIcon;
				CODE_SIGN_STYLE = Automatic;
				DEVELOPMENT_TEAM = CWGS87U262;
				INFOPLIST_FILE = remoteCode/Info.plist;
				IPHONEOS_DEPLOYMENT_TARGET = 11.4;
				LD_RUNPATH_SEARCH_PATHS = (
					"$(inherited)",
					"@executable_path/Frameworks",
				);
				PRODUCT_BUNDLE_IDENTIFIER = ch.cqd.remoteCode;
				PRODUCT_NAME = "$(TARGET_NAME)";
				SWIFT_VERSION = 5.0;
				TARGETED_DEVICE_FAMILY = "1,2";
			};
			name = Release;
		};
/* End XCBuildConfiguration section */

/* Begin XCConfigurationList section */
		7B1BF6EA2281700300C66DC0 /* Build configuration list for PBXProject "remoteCode" */ = {
			isa = XCConfigurationList;
			buildConfigurations = (
				7B1BF6FF2281700400C66DC0 /* Debug */,
				7B1BF7002281700400C66DC0 /* Release */,
			);
			defaultConfigurationIsVisible = 0;
			defaultConfigurationName = Release;
		};
		7B1BF7012281700400C66DC0 /* Build configuration list for PBXNativeTarget "remoteCode" */ = {
			isa = XCConfigurationList;
			buildConfigurations = (
				7B1BF7022281700400C66DC0 /* Debug */,
				7B1BF7032281700400C66DC0 /* Release */,
			);
			defaultConfigurationIsVisible = 0;
			defaultConfigurationName = Release;
		};
/* End XCConfigurationList section */
	};
	rootObject = 7B1BF6E72281700300C66DC0 /* Project object */;
}
